
Microsoft Visual Studio Solution File, Format Version 12.00
# Visual Studio Version 16
VisualStudioVersion = 16.0.33529.622
MinimumVisualStudioVersion = 10.0.40219.1
Project("{FAE04EC0-301F-11D3-BF4B-00C04F79EFBC}") = "CSharp进阶实践项目（俄罗斯方块）", "CSharp进阶实践项目（俄罗斯方块）\CSharp进阶实践项目（俄罗斯方块）.csproj", "{7F065470-EBD1-49F5-A93A-0B8EF957D60E}"
EndProject
Global
	GlobalSection(SolutionConfigurationPlatforms) = preSolution
		Debug|Any CPU = Debug|Any CPU
		Release|Any CPU = Release|Any CPU
	EndGlobalSection
	GlobalSection(ProjectConfigurationPlatforms) = postSolution
		{7F065470-EBD1-49F5-A93A-0B8EF957D60E}.Debug|Any CPU.ActiveCfg = Debug|Any CPU
		{7F065470-EBD1-49F5-A93A-0B8EF957D60E}.Debug|Any CPU.Build.0 = Debug|Any CPU
		{7F065470-EBD1-49F5-A93A-0B8EF957D60E}.Release|Any CPU.ActiveCfg = Release|Any CPU
		{7F065470-EBD1-49F5-A93A-0B8EF957D60E}.Release|Any CPU.Build.0 = Release|Any CPU
	EndGlobalSection
	GlobalSection(SolutionProperties) = preSolution
		HideSolutionNode = FALSE
	EndGlobalSection
	GlobalSection(ExtensibilityGlobals) = postSolution
		SolutionGuid = {B023EB98-4487-4B3D-8BCF-B5B95EC5DA65}
	EndGlobalSection
EndGlobal
